
Microsoft Visual Studio Solution File, Format Version 12.00
# Visual Studio Version 17
VisualStudioVersion = 17.8.34330.188
MinimumVisualStudioVersion = 10.0.40219.1
Project("{9A19103F-16F7-4668-BE54-9A1E7A4F7556}") = "Entities", "Entities\Entities.csproj", "{499217E7-329E-4D7B-879E-1D5D441B6BB6}"
EndProject
Project("{9A19103F-16F7-4668-BE54-9A1E7A4F7556}") = "DataAccess", "DataAccess\DataAccess.csproj", "{DFA107A1-E972-4BF3-A24C-52858D2875A7}"
EndProject
Project("{9A19103F-16F7-4668-BE54-9A1E7A4F7556}") = "Core", "Core\Core.csproj", "{011CF3A5-D201-40A1-B4BD-D6BEAEB81843}"
EndProject
Project("{9A19103F-16F7-4668-BE54-9A1E7A4F7556}") = "Business", "Business\Business.csproj", "{348F690B-6791-40E0-B652-7681EA8E65BB}"
EndProject
Project("{9A19103F-16F7-4668-BE54-9A1E7A4F7556}") = "WebAPI", "WebAPI\WebAPI.csproj", "{015A66DC-8745-48A6-95DC-FA51F3123BA9}"
EndProject
Global
	GlobalSection(SolutionConfigurationPlatforms) = preSolution
		Debug|Any CPU = Debug|Any CPU
		Release|Any CPU = Release|Any CPU
	EndGlobalSection
	GlobalSection(ProjectConfigurationPlatforms) = postSolution
		{499217E7-329E-4D7B-879E-1D5D441B6BB6}.Debug|Any CPU.ActiveCfg = Debug|Any CPU
		{499217E7-329E-4D7B-879E-1D5D441B6BB6}.Debug|Any CPU.Build.0 = Debug|Any CPU
		{499217E7-329E-4D7B-879E-1D5D441B6BB6}.Release|Any CPU.ActiveCfg = Release|Any CPU
		{499217E7-329E-4D7B-879E-1D5D441B6BB6}.Release|Any CPU.Build.0 = Release|Any CPU
		{DFA107A1-E972-4BF3-A24C-52858D2875A7}.Debug|Any CPU.ActiveCfg = Debug|Any CPU
		{DFA107A1-E972-4BF3-A24C-52858D2875A7}.Debug|Any CPU.Build.0 = Debug|Any CPU
		{DFA107A1-E972-4BF3-A24C-52858D2875A7}.Release|Any CPU.ActiveCfg = Release|Any CPU
		{DFA107A1-E972-4BF3-A24C-52858D2875A7}.Release|Any CPU.Build.0 = Release|Any CPU
		{011CF3A5-D201-40A1-B4BD-D6BEAEB81843}.Debug|Any CPU.ActiveCfg = Debug|Any CPU
		{011CF3A5-D201-40A1-B4BD-D6BEAEB81843}.Debug|Any CPU.Build.0 = Debug|Any CPU
		{011CF3A5-D201-40A1-B4BD-D6BEAEB81843}.Release|Any CPU.ActiveCfg = Release|Any CPU
		{011CF3A5-D201-40A1-B4BD-D6BEAEB81843}.Release|Any CPU.Build.0 = Release|Any CPU
		{348F690B-6791-40E0-B652-7681EA8E65BB}.Debug|Any CPU.ActiveCfg = Debug|Any CPU
		{348F690B-6791-40E0-B652-7681EA8E65BB}.Debug|Any CPU.Build.0 = Debug|Any CPU
		{348F690B-6791-40E0-B652-7681EA8E65BB}.Release|Any CPU.ActiveCfg = Release|Any CPU
		{348F690B-6791-40E0-B652-7681EA8E65BB}.Release|Any CPU.Build.0 = Release|Any CPU
		{015A66DC-8745-48A6-95DC-FA51F3123BA9}.Debug|Any CPU.ActiveCfg = Debug|Any CPU
		{015A66DC-8745-48A6-95DC-FA51F3123BA9}.Debug|Any CPU.Build.0 = Debug|Any CPU
		{015A66DC-8745-48A6-95DC-FA51F3123BA9}.Release|Any CPU.ActiveCfg = Release|Any CPU
		{015A66DC-8745-48A6-95DC-FA51F3123BA9}.Release|Any CPU.Build.0 = Release|Any CPU
	EndGlobalSection
	GlobalSection(SolutionProperties) = preSolution
		HideSolutionNode = FALSE
	EndGlobalSection
	GlobalSection(ExtensibilityGlobals) = postSolution
		SolutionGuid = {181A8679-2B18-4139-98A2-9161A295297B}
	EndGlobalSection
EndGlobal
